// !$*UTF8*$!
{
	archiveVersion = 1;
	classes = {
	};
	objectVersion = 56;
	objects = {

/* Begin PBXBuildFile section */
		0104AC2D2AF245F900BBC4A8 /* Animal_External.mlmodel in Sources */ = {isa = PBXBuildFile; fileRef = 0104AC2C2AF245F900BBC4A8 /* Animal_External.mlmodel */; };
		01BC84D429F8E15E00D1F795 /* AppDelegate.swift in Sources */ = {isa = PBXBuildFile; fileRef = 01BC84D329F8E15E00D1F795 /* AppDelegate.swift */; };
		01BC84D629F8E15E00D1F795 /* SceneDelegate.swift in Sources */ = {isa = PBXBuildFile; fileRef = 01BC84D529F8E15E00D1F795 /* SceneDelegate.swift */; };
		01BC84D829F8E15E00D1F795 /* ViewController.swift in Sources */ = {isa = PBXBuildFile; fileRef = 01BC84D729F8E15E00D1F795 /* ViewController.swift */; };
		01BC84DB29F8E15E00D1F795 /* Main.storyboard in Resources */ = {isa = PBXBuildFile; fileRef = 01BC84D929F8E15E00D1F795 /* Main.storyboard */; };
		01BC84DD29F8E15F00D1F795 /* Assets.xcassets in Resources */ = {isa = PBXBuildFile; fileRef = 01BC84DC29F8E15F00D1F795 /* Assets.xcassets */; };
		01BC84E029F8E15F00D1F795 /* LaunchScreen.storyboard in Resources */ = {isa = PBXBuildFile; fileRef = 01BC84DE29F8E15F00D1F795 /* LaunchScreen.storyboard */; };
		01BC84EB29F8E15F00D1F795 /* animal_identifierTests.swift in Sources */ = {isa = PBXBuildFile; fileRef = 01BC84EA29F8E15F00D1F795 /* animal_identifierTests.swift */; };
		01BC84F529F8E15F00D1F795 /* animal_identifierUITests.swift in Sources */ = {isa = PBXBuildFile; fileRef = 01BC84F429F8E15F00D1F795 /* animal_identifierUITests.swift */; };
		01BC84F729F8E15F00D1F795 /* animal_identifierUITestsLaunchTests.swift in Sources */ = {isa = PBXBuildFile; fileRef = 01BC84F629F8E15F00D1F795 /* animal_identifierUITestsLaunchTests.swift */; };
		01BC850429F8E74F00D1F795 /* AnimalIdentification.mlmodel in Sources */ = {isa = PBXBuildFile; fileRef = 01BC850329F8E74F00D1F795 /* AnimalIdentification.mlmodel */; };
		01DB76572AFB77B7007848E0 /* LiveImageVC.swift in Sources */ = {isa = PBXBuildFile; fileRef = 01DB76562AFB77B7007848E0 /* LiveImageVC.swift */; };
/* End PBXBuildFile section */

/* Begin PBXContainerItemProxy section */
		01BC84E729F8E15F00D1F795 /* PBXContainerItemProxy */ = {
			isa = PBXContainerItemProxy;
			containerPortal = 01BC84C829F8E15E00D1F795 /* Project object */;
			proxyType = 1;
			remoteGlobalIDString = 01BC84CF29F8E15E00D1F795;
			remoteInfo = "animal identifier";
		};
		01BC84F129F8E15F00D1F795 /* PBXContainerItemProxy */ = {
			isa = PBXContainerItemProxy;
			containerPortal = 01BC84C829F8E15E00D1F795 /* Project object */;
			proxyType = 1;
			remoteGlobalIDString = 01BC84CF29F8E15E00D1F795;
			remoteInfo = "animal identifier";
		};
/* End PBXContainerItemProxy section */

/* Begin PBXFileReference section */
		0104AC2C2AF245F900BBC4A8 /* Animal_External.mlmodel */ = {isa = PBXFileReference; lastKnownFileType = file.mlmodel; path = Animal_External.mlmodel; sourceTree = "<group>"; };
		01BC84D029F8E15E00D1F795 /* animal identifier.app */ = {isa = PBXFileReference; explicitFileType = wrapper.application; includeInIndex = 0; path = "animal identifier.app"; sourceTree = BUILT_PRODUCTS_DIR; };
		01BC84D329F8E15E00D1F795 /* AppDelegate.swift */ = {isa = PBXFileReference; lastKnownFileType = sourcecode.swift; path = AppDelegate.swift; sourceTree = "<group>"; };
		01BC84D529F8E15E00D1F795 /* SceneDelegate.swift */ = {isa = PBXFileReference; lastKnownFileType = sourcecode.swift; path = SceneDelegate.swift; sourceTree = "<group>"; };
		01BC84D729F8E15E00D1F795 /* ViewController.swift */ = {isa = PBXFileReference; lastKnownFileType = sourcecode.swift; path = ViewController.swift; sourceTree = "<group>"; };
		01BC84DA29F8E15E00D1F795 /* Base */ = {isa = PBXFileReference; lastKnownFileType = file.storyboard; name = Base; path = Base.lproj/Main.storyboard; sourceTree = "<group>"; };
		01BC84DC29F8E15F00D1F795 /* Assets.xcassets */ = {isa = PBXFileReference; lastKnownFileType = folder.assetcatalog; path = Assets.xcassets; sourceTree = "<group>"; };
		01BC84DF29F8E15F00D1F795 /* Base */ = {isa = PBXFileReference; lastKnownFileType = file.storyboard; name = Base; path = Base.lproj/LaunchScreen.storyboard; sourceTree = "<group>"; };
		01BC84E129F8E15F00D1F795 /* Info.plist */ = {isa = PBXFileReference; lastKnownFileType = text.plist.xml; path = Info.plist; sourceTree = "<group>"; };
		01BC84E629F8E15F00D1F795 /* animal identifierTests.xctest */ = {isa = PBXFileReference; explicitFileType = wrapper.cfbundle; includeInIndex = 0; path = "animal identifierTests.xctest"; sourceTree = BUILT_PRODUCTS_DIR; };
		01BC84EA29F8E15F00D1F795 /* animal_identifierTests.swift */ = {isa = PBXFileReference; lastKnownFileType = sourcecode.swift; path = animal_identifierTests.swift; sourceTree = "<group>"; };
		01BC84F029F8E15F00D1F795 /* animal identifierUITests.xctest */ = {isa = PBXFileReference; explicitFileType = wrapper.cfbundle; includeInIndex = 0; path = "animal identifierUITests.xctest"; sourceTree = BUILT_PRODUCTS_DIR; };
		01BC84F429F8E15F00D1F795 /* animal_identifierUITests.swift */ = {isa = PBXFileReference; lastKnownFileType = sourcecode.swift; path = animal_identifierUITests.swift; sourceTree = "<group>"; };
		01BC84F629F8E15F00D1F795 /* animal_identifierUITestsLaunchTests.swift */ = {isa = PBXFileReference; lastKnownFileType = sourcecode.swift; path = animal_identifierUITestsLaunchTests.swift; sourceTree = "<group>"; };
		01BC850329F8E74F00D1F795 /* AnimalIdentification.mlmodel */ = {isa = PBXFileReference; lastKnownFileType = file.mlmodel; path = AnimalIdentification.mlmodel; sourceTree = "<group>"; };
		01DB76562AFB77B7007848E0 /* LiveImageVC.swift */ = {isa = PBXFileReference; lastKnownFileType = sourcecode.swift; path = LiveImageVC.swift; sourceTree = "<group>"; };
/* End PBXFileReference section */

/* Begin PBXFrameworksBuildPhase section */
		01BC84CD29F8E15E00D1F795 /* Frameworks */ = {
			isa = PBXFrameworksBuildPhase;
			buildActionMask = 2147483647;
			files = (
			);
			runOnlyForDeploymentPostprocessing = 0;
		};
		01BC84E329F8E15F00D1F795 /* Frameworks */ = {
			isa = PBXFrameworksBuildPhase;
			buildActionMask = 2147483647;
			files = (
			);
			runOnlyForDeploymentPostprocessing = 0;
		};
		01BC84ED29F8E15F00D1F795 /* Frameworks */ = {
			isa = PBXFrameworksBuildPhase;
			buildActionMask = 2147483647;
			files = (
			);
			runOnlyForDeploymentPostprocessing = 0;
		};
/* End PBXFrameworksBuildPhase section */

/* Begin PBXGroup section */
		01BC84C729F8E15E00D1F795 = {
			isa = PBXGroup;
			children = (
				01BC84D229F8E15E00D1F795 /* animal identifier */,
				01BC84E929F8E15F00D1F795 /* animal identifierTests */,
				01BC84F329F8E15F00D1F795 /* animal identifierUITests */,
				01BC84D129F8E15E00D1F795 /* Products */,
			);
			sourceTree = "<group>";
		};
		01BC84D129F8E15E00D1F795 /* Products */ = {
			isa = PBXGroup;
			children = (
				01BC84D029F8E15E00D1F795 /* animal identifier.app */,
				01BC84E629F8E15F00D1F795 /* animal identifierTests.xctest */,
				01BC84F029F8E15F00D1F795 /* animal identifierUITests.xctest */,
			);
			name = Products;
			sourceTree = "<group>";
		};
		01BC84D229F8E15E00D1F795 /* animal identifier */ = {
			isa = PBXGroup;
			children = (
				01BC84D329F8E15E00D1F795 /* AppDelegate.swift */,
				01BC84D529F8E15E00D1F795 /* SceneDelegate.swift */,
				01BC84D729F8E15E00D1F795 /* ViewController.swift */,
				0104AC2C2AF245F900BBC4A8 /* Animal_External.mlmodel */,
				01BC850329F8E74F00D1F795 /* AnimalIdentification.mlmodel */,
				01BC84DC29F8E15F00D1F795 /* Assets.xcassets */,
				01BC84DE29F8E15F00D1F795 /* LaunchScreen.storyboard */,
				01BC84E129F8E15F00D1F795 /* Info.plist */,
				01BC84D929F8E15E00D1F795 /* Main.storyboard */,
				01DB76562AFB77B7007848E0 /* LiveImageVC.swift */,
			);
			path = "animal identifier";
			sourceTree = "<group>";
		};
		01BC84E929F8E15F00D1F795 /* animal identifierTests */ = {
			isa = PBXGroup;
			children = (
				01BC84EA29F8E15F00D1F795 /* animal_identifierTests.swift */,
			);
			path = "animal identifierTests";
			sourceTree = "<group>";
		};
		01BC84F329F8E15F00D1F795 /* animal identifierUITests */ = {
			isa = PBXGroup;
			children = (
				01BC84F429F8E15F00D1F795 /* animal_identifierUITests.swift */,
				01BC84F629F8E15F00D1F795 /* animal_identifierUITestsLaunchTests.swift */,
			);
			path = "animal identifierUITests";
			sourceTree = "<group>";
		};
/* End PBXGroup section */

/* Begin PBXNativeTarget section */
		01BC84CF29F8E15E00D1F795 /* animal identifier */ = {
			isa = PBXNativeTarget;
			buildConfigurationList = 01BC84FA29F8E15F00D1F795 /* Build configuration list for PBXNativeTarget "animal identifier" */;
			buildPhases = (
				01BC84CC29F8E15E00D1F795 /* Sources */,
				01BC84CD29F8E15E00D1F795 /* Frameworks */,
				01BC84CE29F8E15E00D1F795 /* Resources */,
			);
			buildRules = (
			);
			dependencies = (
			);
			name = "animal identifier";
			productName = "animal identifier";
			productReference = 01BC84D029F8E15E00D1F795 /* animal identifier.app */;
			productType = "com.apple.product-type.application";
		};
		01BC84E529F8E15F00D1F795 /* animal identifierTests */ = {
			isa = PBXNativeTarget;
			buildConfigurationList = 01BC84FD29F8E15F00D1F795 /* Build configuration list for PBXNativeTarget "animal identifierTests" */;
			buildPhases = (
				01BC84E229F8E15F00D1F795 /* Sources */,
				01BC84E329F8E15F00D1F795 /* Frameworks */,
				01BC84E429F8E15F00D1F795 /* Resources */,
			);
			buildRules = (
			);
			dependencies = (
				01BC84E829F8E15F00D1F795 /* PBXTargetDependency */,
			);
			name = "animal identifierTests";
			productName = "animal identifierTests";
			productReference = 01BC84E629F8E15F00D1F795 /* animal identifierTests.xctest */;
			productType = "com.apple.product-type.bundle.unit-test";
		};
		01BC84EF29F8E15F00D1F795 /* animal identifierUITests */ = {
			isa = PBXNativeTarget;
			buildConfigurationList = 01BC850029F8E15F00D1F795 /* Build configuration list for PBXNativeTarget "animal identifierUITests" */;
			buildPhases = (
				01BC84EC29F8E15F00D1F795 /* Sources */,
				01BC84ED29F8E15F00D1F795 /* Frameworks */,
				01BC84EE29F8E15F00D1F795 /* Resources */,
			);
			buildRules = (
			);
			dependencies = (
				01BC84F229F8E15F00D1F795 /* PBXTargetDependency */,
			);
			name = "animal identifierUITests";
			productName = "animal identifierUITests";
			productReference = 01BC84F029F8E15F00D1F795 /* animal identifierUITests.xctest */;
			productType = "com.apple.product-type.bundle.ui-testing";
		};
/* End PBXNativeTarget section */

/* Begin PBXProject section */
		01BC84C829F8E15E00D1F795 /* Project object */ = {
			isa = PBXProject;
			attributes = {
				BuildIndependentTargetsInParallel = 1;
				LastSwiftUpdateCheck = 1430;
				LastUpgradeCheck = 1430;
				TargetAttributes = {
					01BC84CF29F8E15E00D1F795 = {
						CreatedOnToolsVersion = 14.3;
					};
					01BC84E529F8E15F00D1F795 = {
						CreatedOnToolsVersion = 14.3;
						TestTargetID = 01BC84CF29F8E15E00D1F795;
					};
					01BC84EF29F8E15F00D1F795 = {
						CreatedOnToolsVersion = 14.3;
						TestTargetID = 01BC84CF29F8E15E00D1F795;
					};
				};
			};
			buildConfigurationList = 01BC84CB29F8E15E00D1F795 /* Build configuration list for PBXProject "animal identifier" */;
			compatibilityVersion = "Xcode 14.0";
			developmentRegion = en;
			hasScannedForEncodings = 0;
			knownRegions = (
				en,
				Base,
			);
			mainGroup = 01BC84C729F8E15E00D1F795;
			productRefGroup = 01BC84D129F8E15E00D1F795 /* Products */;
			projectDirPath = "";
			projectRoot = "";
			targets = (
				01BC84CF29F8E15E00D1F795 /* animal identifier */,
				01BC84E529F8E15F00D1F795 /* animal identifierTests */,
				01BC84EF29F8E15F00D1F795 /* animal identifierUITests */,
			);
		};
/* End PBXProject section */

/* Begin PBXResourcesBuildPhase section */
		01BC84CE29F8E15E00D1F795 /* Resources */ = {
			isa = PBXResourcesBuildPhase;
			buildActionMask = 2147483647;
			files = (
				01BC84E029F8E15F00D1F795 /* LaunchScreen.storyboard in Resources */,
				01BC84DD29F8E15F00D1F795 /* Assets.xcassets in Resources */,
				01BC84DB29F8E15E00D1F795 /* Main.storyboard in Resources */,
			);
			runOnlyForDeploymentPostprocessing = 0;
		};
		01BC84E429F8E15F00D1F795 /* Resources */ = {
			isa = PBXResourcesBuildPhase;
			buildActionMask = 2147483647;
			files = (
			);
			runOnlyForDeploymentPostprocessing = 0;
		};
		01BC84EE29F8E15F00D1F795 /* Resources */ = {
			isa = PBXResourcesBuildPhase;
			buildActionMask = 2147483647;
			files = (
			);
			runOnlyForDeploymentPostprocessing = 0;
		};
/* End PBXResourcesBuildPhase section */

/* Begin PBXSourcesBuildPhase section */
		01BC84CC29F8E15E00D1F795 /* Sources */ = {
			isa = PBXSourcesBuildPhase;
			buildActionMask = 2147483647;
			files = (
				01BC850429F8E74F00D1F795 /* AnimalIdentification.mlmodel in Sources */,
				01BC84D829F8E15E00D1F795 /* ViewController.swift in Sources */,
				01DB76572AFB77B7007848E0 /* LiveImageVC.swift in Sources */,
				01BC84D429F8E15E00D1F795 /* AppDelegate.swift in Sources */,
				01BC84D629F8E15E00D1F795 /* SceneDelegate.swift in Sources */,
				0104AC2D2AF245F900BBC4A8 /* Animal_External.mlmodel in Sources */,
			);
			runOnlyForDeploymentPostprocessing = 0;
		};
		01BC84E229F8E15F00D1F795 /* Sources */ = {
			isa = PBXSourcesBuildPhase;
			buildActionMask = 2147483647;
			files = (
				01BC84EB29F8E15F00D1F795 /* animal_identifierTests.swift in Sources */,
			);
			runOnlyForDeploymentPostprocessing = 0;
		};
		01BC84EC29F8E15F00D1F795 /* Sources */ = {
			isa = PBXSourcesBuildPhase;
			buildActionMask = 2147483647;
			files = (
				01BC84F529F8E15F00D1F795 /* animal_identifierUITests.swift in Sources */,
				01BC84F729F8E15F00D1F795 /* animal_identifierUITestsLaunchTests.swift in Sources */,
			);
			runOnlyForDeploymentPostprocessing = 0;
		};
/* End PBXSourcesBuildPhase section */

/* Begin PBXTargetDependency section */
		01BC84E829F8E15F00D1F795 /* PBXTargetDependency */ = {
			isa = PBXTargetDependency;
			target = 01BC84CF29F8E15E00D1F795 /* animal identifier */;
			targetProxy = 01BC84E729F8E15F00D1F795 /* PBXContainerItemProxy */;
		};
		01BC84F229F8E15F00D1F795 /* PBXTargetDependency */ = {
			isa = PBXTargetDependency;
			target = 01BC84CF29F8E15E00D1F795 /* animal identifier */;
			targetProxy = 01BC84F129F8E15F00D1F795 /* PBXContainerItemProxy */;
		};
/* End PBXTargetDependency section */

/* Begin PBXVariantGroup section */
		01BC84D929F8E15E00D1F795 /* Main.storyboard */ = {
			isa = PBXVariantGroup;
			children = (
				01BC84DA29F8E15E00D1F795 /* Base */,
			);
			name = Main.storyboard;
			sourceTree = "<group>";
		};
		01BC84DE29F8E15F00D1F795 /* LaunchScreen.storyboard */ = {
			isa = PBXVariantGroup;
			children = (
				01BC84DF29F8E15F00D1F795 /* Base */,
			);
			name = LaunchScreen.storyboard;
			sourceTree = "<group>";
		};
/* End PBXVariantGroup section */

/* Begin XCBuildConfiguration section */
		01BC84F829F8E15F00D1F795 /* Debug */ = {
			isa = XCBuildConfiguration;
			buildSettings = {
				ALWAYS_SEARCH_USER_PATHS = NO;
				CLANG_ANALYZER_NONNULL = YES;
				CLANG_ANALYZER_NUMBER_OBJECT_CONVERSION = YES_AGGRESSIVE;
				CLANG_CXX_LANGUAGE_STANDARD = "gnu++20";
				CLANG_ENABLE_MODULES = YES;
				CLANG_ENABLE_OBJC_ARC = YES;
				CLANG_ENABLE_OBJC_WEAK = YES;
				CLANG_WARN_BLOCK_CAPTURE_AUTORELEASING = YES;
				CLANG_WARN_BOOL_CONVERSION = YES;
				CLANG_WARN_COMMA = YES;
				CLANG_WARN_CONSTANT_CONVERSION = YES;
				CLANG_WARN_DEPRECATED_OBJC_IMPLEMENTATIONS = YES;
				CLANG_WARN_DIRECT_OBJC_ISA_USAGE = YES_ERROR;
				CLANG_WARN_DOCUMENTATION_COMMENTS = YES;
				CLANG_WARN_EMPTY_BODY = YES;
				CLANG_WARN_ENUM_CONVERSION = YES;
				CLANG_WARN_INFINITE_RECURSION = YES;
				CLANG_WARN_INT_CONVERSION = YES;
				CLANG_WARN_NON_LITERAL_NULL_CONVERSION = YES;
				CLANG_WARN_OBJC_IMPLICIT_RETAIN_SELF = YES;
				CLANG_WARN_OBJC_LITERAL_CONVERSION = YES;
				CLANG_WARN_OBJC_ROOT_CLASS = YES_ERROR;
				CLANG_WARN_QUOTED_INCLUDE_IN_FRAMEWORK_HEADER = YES;
				CLANG_WARN_RANGE_LOOP_ANALYSIS = YES;
				CLANG_WARN_STRICT_PROTOTYPES = YES;
				CLANG_WARN_SUSPICIOUS_MOVE = YES;
				CLANG_WARN_UNGUARDED_AVAILABILITY = YES_AGGRESSIVE;
				CLANG_WARN_UNREACHABLE_CODE = YES;
				CLANG_WARN__DUPLICATE_METHOD_MATCH = YES;
				COPY_PHASE_STRIP = NO;
				DEBUG_INFORMATION_FORMAT = dwarf;
				ENABLE_STRICT_OBJC_MSGSEND = YES;
				ENABLE_TESTABILITY = YES;
				GCC_C_LANGUAGE_STANDARD = gnu11;
				GCC_DYNAMIC_NO_PIC = NO;
				GCC_NO_COMMON_BLOCKS = YES;
				GCC_OPTIMIZATION_LEVEL = 0;
				GCC_PREPROCESSOR_DEFINITIONS = (
					"DEBUG=1",
					"$(inherited)",
				);
				GCC_WARN_64_TO_32_BIT_CONVERSION = YES;
				GCC_WARN_ABOUT_RETURN_TYPE = YES_ERROR;
				GCC_WARN_UNDECLARED_SELECTOR = YES;
				GCC_WARN_UNINITIALIZED_AUTOS = YES_AGGRESSIVE;
				GCC_WARN_UNUSED_FUNCTION = YES;
				GCC_WARN_UNUSED_VARIABLE = YES;
				IPHONEOS_DEPLOYMENT_TARGET = 17.0;
				MTL_ENABLE_DEBUG_INFO = INCLUDE_SOURCE;
				MTL_FAST_MATH = YES;
				ONLY_ACTIVE_ARCH = YES;
				SDKROOT = iphoneos;
				SWIFT_ACTIVE_COMPILATION_CONDITIONS = DEBUG;
				SWIFT_OPTIMIZATION_LEVEL = "-Onone";
			};
			name = Debug;
		};
		01BC84F929F8E15F00D1F795 /* Release */ = {
			isa = XCBuildConfiguration;
			buildSettings = {
				ALWAYS_SEARCH_USER_PATHS = NO;
				CLANG_ANALYZER_NONNULL = YES;
				CLANG_ANALYZER_NUMBER_OBJECT_CONVERSION = YES_AGGRESSIVE;
				CLANG_CXX_LANGUAGE_STANDARD = "gnu++20";
				CLANG_ENABLE_MODULES = YES;
				CLANG_ENABLE_OBJC_ARC = YES;
				CLANG_ENABLE_OBJC_WEAK = YES;
				CLANG_WARN_BLOCK_CAPTURE_AUTORELEASING = YES;
				CLANG_WARN_BOOL_CONVERSION = YES;
				CLANG_WARN_COMMA = YES;
				CLANG_WARN_CONSTANT_CONVERSION = YES;
				CLANG_WARN_DEPRECATED_OBJC_IMPLEMENTATIONS = YES;
				CLANG_WARN_DIRECT_OBJC_ISA_USAGE = YES_ERROR;
				CLANG_WARN_DOCUMENTATION_COMMENTS = YES;
				CLANG_WARN_EMPTY_BODY = YES;
				CLANG_WARN_ENUM_CONVERSION = YES;
				CLANG_WARN_INFINITE_RECURSION = YES;
				CLANG_WARN_INT_CONVERSION = YES;
				CLANG_WARN_NON_LITERAL_NULL_CONVERSION = YES;
				CLANG_WARN_OBJC_IMPLICIT_RETAIN_SELF = YES;
				CLANG_WARN_OBJC_LITERAL_CONVERSION = YES;
				CLANG_WARN_OBJC_ROOT_CLASS = YES_ERROR;
				CLANG_WARN_QUOTED_INCLUDE_IN_FRAMEWORK_HEADER = YES;
				CLANG_WARN_RANGE_LOOP_ANALYSIS = YES;
				CLANG_WARN_STRICT_PROTOTYPES = YES;
				CLANG_WARN_SUSPICIOUS_MOVE = YES;
				CLANG_WARN_UNGUARDED_AVAILABILITY = YES_AGGRESSIVE;
				CLANG_WARN_UNREACHABLE_CODE = YES;
				CLANG_WARN__DUPLICATE_METHOD_MATCH = YES;
				COPY_PHASE_STRIP = NO;
				DEBUG_INFORMATION_FORMAT = "dwarf-with-dsym";
				ENABLE_NS_ASSERTIONS = NO;
				ENABLE_STRICT_OBJC_MSGSEND = YES;
				GCC_C_LANGUAGE_STANDARD = gnu11;
				GCC_NO_COMMON_BLOCKS = YES;
				GCC_WARN_64_TO_32_BIT_CONVERSION = YES;
				GCC_WARN_ABOUT_RETURN_TYPE = YES_ERROR;
				GCC_WARN_UNDECLARED_SELECTOR = YES;
				GCC_WARN_UNINITIALIZED_AUTOS = YES_AGGRESSIVE;
				GCC_WARN_UNUSED_FUNCTION = YES;
				GCC_WARN_UNUSED_VARIABLE = YES;
				IPHONEOS_DEPLOYMENT_TARGET = 17.0;
				MTL_ENABLE_DEBUG_INFO = NO;
				MTL_FAST_MATH = YES;
				SDKROOT = iphoneos;
				SWIFT_COMPILATION_MODE = wholemodule;
				SWIFT_OPTIMIZATION_LEVEL = "-O";
				VALIDATE_PRODUCT = YES;
			};
			name = Release;
		};
		01BC84FB29F8E15F00D1F795 /* Debug */ = {
			isa = XCBuildConfiguration;
			buildSettings = {
				ASSETCATALOG_COMPILER_APPICON_NAME = AppIcon;
				ASSETCATALOG_COMPILER_GLOBAL_ACCENT_COLOR_NAME = AccentColor;
				CODE_SIGN_STYLE = Automatic;
				CURRENT_PROJECT_VERSION = 1;
				DEVELOPMENT_TEAM = SHXN7948YX;
				GENERATE_INFOPLIST_FILE = YES;
				INFOPLIST_FILE = "animal identifier/Info.plist";
				INFOPLIST_KEY_UIApplicationSupportsIndirectInputEvents = YES;
				INFOPLIST_KEY_UILaunchStoryboardName = LaunchScreen;
				INFOPLIST_KEY_UIMainStoryboardFile = Main;
				INFOPLIST_KEY_UISupportedInterfaceOrientations_iPad = "UIInterfaceOrientationPortrait UIInterfaceOrientationPortraitUpsideDown UIInterfaceOrientationLandscapeLeft UIInterfaceOrientationLandscapeRight";
				INFOPLIST_KEY_UISupportedInterfaceOrientations_iPhone = "UIInterfaceOrientationPortrait UIInterfaceOrientationLandscapeLeft UIInterfaceOrientationLandscapeRight";
				IPHONEOS_DEPLOYMENT_TARGET = 16.0;
				LD_RUNPATH_SEARCH_PATHS = (
					"$(inherited)",
					"@executable_path/Frameworks",
				);
				MARKETING_VERSION = 1.0;
				PRODUCT_BUNDLE_IDENTIFIER = "com.animal-identifier";
				PRODUCT_NAME = "$(TARGET_NAME)";
				SWIFT_EMIT_LOC_STRINGS = YES;
				SWIFT_VERSION = 5.0;
				TARGETED_DEVICE_FAMILY = "1,2";
			};
			name = Debug;
		};
		01BC84FC29F8E15F00D1F795 /* Release */ = {
			isa = XCBuildConfiguration;
			buildSettings = {
				ASSETCATALOG_COMPILER_APPICON_NAME = AppIcon;
				ASSETCATALOG_COMPILER_GLOBAL_ACCENT_COLOR_NAME = AccentColor;
				CODE_SIGN_STYLE = Automatic;
				CURRENT_PROJECT_VERSION = 1;
				DEVELOPMENT_TEAM = SHXN7948YX;
				GENERATE_INFOPLIST_FILE = YES;
				INFOPLIST_FILE = "animal identifier/Info.plist";
				INFOPLIST_KEY_UIApplicationSupportsIndirectInputEvents = YES;
				INFOPLIST_KEY_UILaunchStoryboardName = LaunchScreen;
				INFOPLIST_KEY_UIMainStoryboardFile = Main;
				INFOPLIST_KEY_UISupportedInterfaceOrientations_iPad = "UIInterfaceOrientationPortrait UIInterfaceOrientationPortraitUpsideDown UIInterfaceOrientationLandscapeLeft UIInterfaceOrientationLandscapeRight";
				INFOPLIST_KEY_UISupportedInterfaceOrientations_iPhone = "UIInterfaceOrientationPortrait UIInterfaceOrientationLandscapeLeft UIInterfaceOrientationLandscapeRight";
				IPHONEOS_DEPLOYMENT_TARGET = 16.0;
				LD_RUNPATH_SEARCH_PATHS = (
					"$(inherited)",
					"@executable_path/Frameworks",
				);
				MARKETING_VERSION = 1.0;
				PRODUCT_BUNDLE_IDENTIFIER = "com.animal-identifier";
				PRODUCT_NAME = "$(TARGET_NAME)";
				SWIFT_EMIT_LOC_STRINGS = YES;
				SWIFT_VERSION = 5.0;
				TARGETED_DEVICE_FAMILY = "1,2";
			};
			name = Release;
		};
		01BC84FE29F8E15F00D1F795 /* Debug */ = {
			isa = XCBuildConfiguration;
			buildSettings = {
				ALWAYS_EMBED_SWIFT_STANDARD_LIBRARIES = YES;
				BUNDLE_LOADER = "$(TEST_HOST)";
				CODE_SIGN_STYLE = Automatic;
				CURRENT_PROJECT_VERSION = 1;
				DEVELOPMENT_TEAM = SHXN7948YX;
				GENERATE_INFOPLIST_FILE = YES;
				IPHONEOS_DEPLOYMENT_TARGET = 16.4;
				MARKETING_VERSION = 1.0;
				PRODUCT_BUNDLE_IDENTIFIER = "com.animal-identifierTests";
				PRODUCT_NAME = "$(TARGET_NAME)";
				SWIFT_EMIT_LOC_STRINGS = NO;
				SWIFT_VERSION = 5.0;
				TARGETED_DEVICE_FAMILY = "1,2";
				TEST_HOST = "$(BUILT_PRODUCTS_DIR)/animal identifier.app/$(BUNDLE_EXECUTABLE_FOLDER_PATH)/animal identifier";
			};
			name = Debug;
		};
		01BC84FF29F8E15F00D1F795 /* Release */ = {
			isa = XCBuildConfiguration;
			buildSettings = {
				ALWAYS_EMBED_SWIFT_STANDARD_LIBRARIES = YES;
				BUNDLE_LOADER = "$(TEST_HOST)";
				CODE_SIGN_STYLE = Automatic;
				CURRENT_PROJECT_VERSION = 1;
				DEVELOPMENT_TEAM = SHXN7948YX;
				GENERATE_INFOPLIST_FILE = YES;
				IPHONEOS_DEPLOYMENT_TARGET = 16.4;
				MARKETING_VERSION = 1.0;
				PRODUCT_BUNDLE_IDENTIFIER = "com.animal-identifierTests";
				PRODUCT_NAME = "$(TARGET_NAME)";
				SWIFT_EMIT_LOC_STRINGS = NO;
				SWIFT_VERSION = 5.0;
				TARGETED_DEVICE_FAMILY = "1,2";
				TEST_HOST = "$(BUILT_PRODUCTS_DIR)/animal identifier.app/$(BUNDLE_EXECUTABLE_FOLDER_PATH)/animal identifier";
			};
			name = Release;
		};
		01BC850129F8E15F00D1F795 /* Debug */ = {
			isa = XCBuildConfiguration;
			buildSettings = {
				ALWAYS_EMBED_SWIFT_STANDARD_LIBRARIES = YES;
				CODE_SIGN_STYLE = Automatic;
				CURRENT_PROJECT_VERSION = 1;
				DEVELOPMENT_TEAM = SHXN7948YX;
				GENERATE_INFOPLIST_FILE = YES;
				MARKETING_VERSION = 1.0;
				PRODUCT_BUNDLE_IDENTIFIER = "com.animal-identifierUITests";
				PRODUCT_NAME = "$(TARGET_NAME)";
				SWIFT_EMIT_LOC_STRINGS = NO;
				SWIFT_VERSION = 5.0;
				TARGETED_DEVICE_FAMILY = "1,2";
				TEST_TARGET_NAME = "animal identifier";
			};
			name = Debug;
		};
		01BC850229F8E15F00D1F795 /* Release */ = {
			isa = XCBuildConfiguration;
			buildSettings = {
				ALWAYS_EMBED_SWIFT_STANDARD_LIBRARIES = YES;
				CODE_SIGN_STYLE = Automatic;
				CURRENT_PROJECT_VERSION = 1;
				DEVELOPMENT_TEAM = SHXN7948YX;
				GENERATE_INFOPLIST_FILE = YES;
				MARKETING_VERSION = 1.0;
				PRODUCT_BUNDLE_IDENTIFIER = "com.animal-identifierUITests";
				PRODUCT_NAME = "$(TARGET_NAME)";
				SWIFT_EMIT_LOC_STRINGS = NO;
				SWIFT_VERSION = 5.0;
				TARGETED_DEVICE_FAMILY = "1,2";
				TEST_TARGET_NAME = "animal identifier";
			};
			name = Release;
		};
/* End XCBuildConfiguration section */

/* Begin XCConfigurationList section */
		01BC84CB29F8E15E00D1F795 /* Build configuration list for PBXProject "animal identifier" */ = {
			isa = XCConfigurationList;
			buildConfigurations = (
				01BC84F829F8E15F00D1F795 /* Debug */,
				01BC84F929F8E15F00D1F795 /* Release */,
			);
			defaultConfigurationIsVisible = 0;
			defaultConfigurationName = Release;
		};
		01BC84FA29F8E15F00D1F795 /* Build configuration list for PBXNativeTarget "animal identifier" */ = {
			isa = XCConfigurationList;
			buildConfigurations = (
				01BC84FB29F8E15F00D1F795 /* Debug */,
				01BC84FC29F8E15F00D1F795 /* Release */,
			);
			defaultConfigurationIsVisible = 0;
			defaultConfigurationName = Release;
		};
		01BC84FD29F8E15F00D1F795 /* Build configuration list for PBXNativeTarget "animal identifierTests" */ = {
			isa = XCConfigurationList;
			buildConfigurations = (
				01BC84FE29F8E15F00D1F795 /* Debug */,
				01BC84FF29F8E15F00D1F795 /* Release */,
			);
			defaultConfigurationIsVisible = 0;
			defaultConfigurationName = Release;
		};
		01BC850029F8E15F00D1F795 /* Build configuration list for PBXNativeTarget "animal identifierUITests" */ = {
			isa = XCConfigurationList;
			buildConfigurations = (
				01BC850129F8E15F00D1F795 /* Debug */,
				01BC850229F8E15F00D1F795 /* Release */,
			);
			defaultConfigurationIsVisible = 0;
			defaultConfigurationName = Release;
		};
/* End XCConfigurationList section */
	};
	rootObject = 01BC84C829F8E15E00D1F795 /* Project object */;
}
